
Microsoft Visual Studio Solution File, Format Version 12.00
# Visual Studio Version 17
VisualStudioVersion = 17.14.35806.103
MinimumVisualStudioVersion = 10.0.40219.1
Project("{FAE04EC0-301F-11D3-BF4B-00C04F79EFBC}") = "CS13Features", "CS13Features\CS13Features.csproj", "{5598B622-44F2-4A4F-B40E-5FC2944173BB}"
EndProject
Global
	GlobalSection(SolutionConfigurationPlatforms) = preSolution
		Debug|Any CPU = Debug|Any CPU
		Release|Any CPU = Release|Any CPU
	EndGlobalSection
	GlobalSection(ProjectConfigurationPlatforms) = postSolution
		{5598B622-44F2-4A4F-B40E-5FC2944173BB}.Debug|Any CPU.ActiveCfg = Debug|Any CPU
		{5598B622-44F2-4A4F-B40E-5FC2944173BB}.Debug|Any CPU.Build.0 = Debug|Any CPU
		{5598B622-44F2-4A4F-B40E-5FC2944173BB}.Release|Any CPU.ActiveCfg = Release|Any CPU
		{5598B622-44F2-4A4F-B40E-5FC2944173BB}.Release|Any CPU.Build.0 = Release|Any CPU
	EndGlobalSection
	GlobalSection(SolutionProperties) = preSolution
		HideSolutionNode = FALSE
	EndGlobalSection
	GlobalSection(ExtensibilityGlobals) = postSolution
		SolutionGuid = {B8F8FE39-829D-4969-A3C4-57CB813128AA}
	EndGlobalSection
EndGlobal
